
Microsoft Visual Studio Solution File, Format Version 12.00
# Visual Studio 2015
Project("{FAE04EC0-301F-11D3-BF4B-00C04F79EFBC}") = "IsoTest10", "IsoTest10.csproj", "{F99DF8F9-D994-71D8-8423-375C9F7B9B8B}"
EndProject
Project("{FAE04EC0-301F-11D3-BF4B-00C04F79EFBC}") = "IsoTest10.Editor", "IsoTest10.Editor.csproj", "{7B9554A9-6B35-52A2-1E0F-3CF0372A72DD}"
EndProject
Global
	GlobalSection(SolutionConfigurationPlatforms) = preSolution
		Debug|Any CPU = Debug|Any CPU
		Release|Any CPU = Release|Any CPU
	EndGlobalSection
	GlobalSection(ProjectConfigurationPlatforms) = postSolution
		{F99DF8F9-D994-71D8-8423-375C9F7B9B8B}.Debug|Any CPU.ActiveCfg = Debug|Any CPU
		{F99DF8F9-D994-71D8-8423-375C9F7B9B8B}.Debug|Any CPU.Build.0 = Debug|Any CPU
		{F99DF8F9-D994-71D8-8423-375C9F7B9B8B}.Release|Any CPU.ActiveCfg = Release|Any CPU
		{F99DF8F9-D994-71D8-8423-375C9F7B9B8B}.Release|Any CPU.Build.0 = Release|Any CPU
		{7B9554A9-6B35-52A2-1E0F-3CF0372A72DD}.Debug|Any CPU.ActiveCfg = Debug|Any CPU
		{7B9554A9-6B35-52A2-1E0F-3CF0372A72DD}.Debug|Any CPU.Build.0 = Debug|Any CPU
		{7B9554A9-6B35-52A2-1E0F-3CF0372A72DD}.Release|Any CPU.ActiveCfg = Release|Any CPU
		{7B9554A9-6B35-52A2-1E0F-3CF0372A72DD}.Release|Any CPU.Build.0 = Release|Any CPU
	EndGlobalSection
	GlobalSection(SolutionProperties) = preSolution
		HideSolutionNode = FALSE
	EndGlobalSection
EndGlobal
