
Microsoft Visual Studio Solution File, Format Version 12.00
# Visual Studio 2015
Project("{FAE04EC0-301F-11D3-BF4B-00C04F79EFBC}") = "IsoTest 2", "IsoTest 2.csproj", "{7DAC18C6-B23C-8637-1238-DC42D7EDB9EC}"
EndProject
Project("{FAE04EC0-301F-11D3-BF4B-00C04F79EFBC}") = "IsoTest 2.Editor", "IsoTest 2.Editor.csproj", "{85FD299C-A054-A854-317B-0AC75FAAA48F}"
EndProject
Global
	GlobalSection(SolutionConfigurationPlatforms) = preSolution
		Debug|Any CPU = Debug|Any CPU
		Release|Any CPU = Release|Any CPU
	EndGlobalSection
	GlobalSection(ProjectConfigurationPlatforms) = postSolution
		{7DAC18C6-B23C-8637-1238-DC42D7EDB9EC}.Debug|Any CPU.ActiveCfg = Debug|Any CPU
		{7DAC18C6-B23C-8637-1238-DC42D7EDB9EC}.Debug|Any CPU.Build.0 = Debug|Any CPU
		{7DAC18C6-B23C-8637-1238-DC42D7EDB9EC}.Release|Any CPU.ActiveCfg = Release|Any CPU
		{7DAC18C6-B23C-8637-1238-DC42D7EDB9EC}.Release|Any CPU.Build.0 = Release|Any CPU
		{85FD299C-A054-A854-317B-0AC75FAAA48F}.Debug|Any CPU.ActiveCfg = Debug|Any CPU
		{85FD299C-A054-A854-317B-0AC75FAAA48F}.Debug|Any CPU.Build.0 = Debug|Any CPU
		{85FD299C-A054-A854-317B-0AC75FAAA48F}.Release|Any CPU.ActiveCfg = Release|Any CPU
		{85FD299C-A054-A854-317B-0AC75FAAA48F}.Release|Any CPU.Build.0 = Release|Any CPU
	EndGlobalSection
	GlobalSection(SolutionProperties) = preSolution
		HideSolutionNode = FALSE
	EndGlobalSection
EndGlobal
